
Microsoft Visual Studio Solution File, Format Version 12.00
# Visual Studio Version 17
VisualStudioVersion = 17.9.34723.18
MinimumVisualStudioVersion = 10.0.40219.1
Project("{FAE04EC0-301F-11D3-BF4B-00C04F79EFBC}") = "Cesi--Hero", "Cesi--Hero\Cesi--Hero.csproj", "{CD8BC34F-034C-4653-ACE6-B7BAC2F45D4A}"
EndProject
Global
	GlobalSection(SolutionConfigurationPlatforms) = preSolution
		Debug|Any CPU = Debug|Any CPU
		Release|Any CPU = Release|Any CPU
	EndGlobalSection
	GlobalSection(ProjectConfigurationPlatforms) = postSolution
		{CD8BC34F-034C-4653-ACE6-B7BAC2F45D4A}.Debug|Any CPU.ActiveCfg = Debug|Any CPU
		{CD8BC34F-034C-4653-ACE6-B7BAC2F45D4A}.Debug|Any CPU.Build.0 = Debug|Any CPU
		{CD8BC34F-034C-4653-ACE6-B7BAC2F45D4A}.Release|Any CPU.ActiveCfg = Release|Any CPU
		{CD8BC34F-034C-4653-ACE6-B7BAC2F45D4A}.Release|Any CPU.Build.0 = Release|Any CPU
	EndGlobalSection
	GlobalSection(SolutionProperties) = preSolution
		HideSolutionNode = FALSE
	EndGlobalSection
	GlobalSection(ExtensibilityGlobals) = postSolution
		SolutionGuid = {FDE283FE-9ED2-461D-AAE5-6883E46E3C34}
	EndGlobalSection
EndGlobal
